
Microsoft Visual Studio Solution File, Format Version 12.00
# Visual Studio Version 16
VisualStudioVersion = 16.0.29905.134
MinimumVisualStudioVersion = 10.0.40219.1
Project("{FAE04EC0-301F-11D3-BF4B-00C04F79EFBC}") = "Kasi", "Kasi\Kasi.csproj", "{F3370988-5385-4707-BD26-CE144DFC90DC}"
EndProject
Global
	GlobalSection(SolutionConfigurationPlatforms) = preSolution
		Debug|Any CPU = Debug|Any CPU
		Release|Any CPU = Release|Any CPU
	EndGlobalSection
	GlobalSection(ProjectConfigurationPlatforms) = postSolution
		{F3370988-5385-4707-BD26-CE144DFC90DC}.Debug|Any CPU.ActiveCfg = Debug|Any CPU
		{F3370988-5385-4707-BD26-CE144DFC90DC}.Debug|Any CPU.Build.0 = Debug|Any CPU
		{F3370988-5385-4707-BD26-CE144DFC90DC}.Release|Any CPU.ActiveCfg = Release|Any CPU
		{F3370988-5385-4707-BD26-CE144DFC90DC}.Release|Any CPU.Build.0 = Release|Any CPU
	EndGlobalSection
	GlobalSection(SolutionProperties) = preSolution
		HideSolutionNode = FALSE
	EndGlobalSection
	GlobalSection(ExtensibilityGlobals) = postSolution
		SolutionGuid = {E22D94BF-1AA4-4834-9541-ECA12D023EAF}
	EndGlobalSection
EndGlobal
